
Microsoft Visual Studio Solution File, Format Version 12.00
# Visual Studio Version 16
VisualStudioVersion = 16.0.32510.428
MinimumVisualStudioVersion = 10.0.40219.1
Project("{F184B08F-C81C-45F6-A57F-5ABD9991F28F}") = "flipkart222", "flipkart222.vbproj", "{99DC65DF-4F0D-418F-933A-7AB46A6FA6D9}"
EndProject
Global
	GlobalSection(SolutionConfigurationPlatforms) = preSolution
		Debug|Any CPU = Debug|Any CPU
		Release|Any CPU = Release|Any CPU
	EndGlobalSection
	GlobalSection(ProjectConfigurationPlatforms) = postSolution
		{99DC65DF-4F0D-418F-933A-7AB46A6FA6D9}.Debug|Any CPU.ActiveCfg = Debug|Any CPU
		{99DC65DF-4F0D-418F-933A-7AB46A6FA6D9}.Debug|Any CPU.Build.0 = Debug|Any CPU
		{99DC65DF-4F0D-418F-933A-7AB46A6FA6D9}.Release|Any CPU.ActiveCfg = Release|Any CPU
		{99DC65DF-4F0D-418F-933A-7AB46A6FA6D9}.Release|Any CPU.Build.0 = Release|Any CPU
	EndGlobalSection
	GlobalSection(SolutionProperties) = preSolution
		HideSolutionNode = FALSE
	EndGlobalSection
	GlobalSection(ExtensibilityGlobals) = postSolution
		SolutionGuid = {C7D11E97-FDAA-4D61-A428-47B159F4122B}
	EndGlobalSection
EndGlobal
